
Microsoft Visual Studio Solution File, Format Version 12.00
# Visual Studio 14
VisualStudioVersion = 14.0.25123.0
MinimumVisualStudioVersion = 10.0.40219.1
Project("{FAE04EC0-301F-11D3-BF4B-00C04F79EFBC}") = "Client", "Client\Client.csproj", "{CF1C043D-C486-47CE-89A4-6A324B8DA8DB}"
EndProject
Project("{FAE04EC0-301F-11D3-BF4B-00C04F79EFBC}") = "ClientTest", "RFIDTest\ClientTest.csproj", "{70E4D708-6E91-489E-B350-4FB2E0561E37}"
EndProject
Global
	GlobalSection(SolutionConfigurationPlatforms) = preSolution
		Debug|Any CPU = Debug|Any CPU
		Release|Any CPU = Release|Any CPU
	EndGlobalSection
	GlobalSection(ProjectConfigurationPlatforms) = postSolution
		{CF1C043D-C486-47CE-89A4-6A324B8DA8DB}.Debug|Any CPU.ActiveCfg = Debug|Any CPU
		{CF1C043D-C486-47CE-89A4-6A324B8DA8DB}.Debug|Any CPU.Build.0 = Debug|Any CPU
		{CF1C043D-C486-47CE-89A4-6A324B8DA8DB}.Release|Any CPU.ActiveCfg = Release|Any CPU
		{CF1C043D-C486-47CE-89A4-6A324B8DA8DB}.Release|Any CPU.Build.0 = Release|Any CPU
		{70E4D708-6E91-489E-B350-4FB2E0561E37}.Debug|Any CPU.ActiveCfg = Debug|Any CPU
		{70E4D708-6E91-489E-B350-4FB2E0561E37}.Debug|Any CPU.Build.0 = Debug|Any CPU
		{70E4D708-6E91-489E-B350-4FB2E0561E37}.Release|Any CPU.ActiveCfg = Release|Any CPU
		{70E4D708-6E91-489E-B350-4FB2E0561E37}.Release|Any CPU.Build.0 = Release|Any CPU
	EndGlobalSection
	GlobalSection(SolutionProperties) = preSolution
		HideSolutionNode = FALSE
	EndGlobalSection
EndGlobal
